
Microsoft Visual Studio Solution File, Format Version 12.00
# Visual Studio 15
Project("{FAE04EC0-301F-11D3-BF4B-00C04F79EFBC}") = "UnityEngine.UI", "UnityEngine.UI.csproj", "{81F6B0E7-EF6C-BF84-A5DD-D87586D12A25}"
EndProject
Project("{FAE04EC0-301F-11D3-BF4B-00C04F79EFBC}") = "Unity.ML-Agents", "Unity.ML-Agents.csproj", "{86FE047B-DB10-59A8-D0B7-F52EC90D232C}"
EndProject
Project("{FAE04EC0-301F-11D3-BF4B-00C04F79EFBC}") = "Unity.Barracuda", "Unity.Barracuda.csproj", "{E560B323-905F-04A0-FEDD-8DB59799BD2C}"
EndProject
Project("{FAE04EC0-301F-11D3-BF4B-00C04F79EFBC}") = "UnityEngine.TestRunner", "UnityEngine.TestRunner.csproj", "{83AB60F6-AFF6-40B5-5622-E9102125E060}"
EndProject
Project("{FAE04EC0-301F-11D3-BF4B-00C04F79EFBC}") = "Unity.Mathematics", "Unity.Mathematics.csproj", "{83C9E918-7956-E14D-EC18-4D04E66662CB}"
EndProject
Project("{FAE04EC0-301F-11D3-BF4B-00C04F79EFBC}") = "Unity.2D.Animation.Triangle.Runtime", "Unity.2D.Animation.Triangle.Runtime.csproj", "{946E66EA-9D2E-3BE4-EC03-600F47F1F38C}"
EndProject
Project("{FAE04EC0-301F-11D3-BF4B-00C04F79EFBC}") = "Unity.Barracuda.ONNX", "Unity.Barracuda.ONNX.csproj", "{23D50473-6D73-713D-FEEE-9E21975161EE}"
EndProject
Project("{FAE04EC0-301F-11D3-BF4B-00C04F79EFBC}") = "Unity.Timeline", "Unity.Timeline.csproj", "{76C0B0F0-B9B2-FF22-872B-0C61B764B318}"
EndProject
Project("{FAE04EC0-301F-11D3-BF4B-00C04F79EFBC}") = "Unity.TextMeshPro", "Unity.TextMeshPro.csproj", "{0B5F97E4-740C-00F3-15E5-607DD789F30D}"
EndProject
Project("{FAE04EC0-301F-11D3-BF4B-00C04F79EFBC}") = "Unity.Burst", "Unity.Burst.csproj", "{3F7CCC1A-0ED6-FFC3-D777-E3AC55A024F2}"
EndProject
Project("{FAE04EC0-301F-11D3-BF4B-00C04F79EFBC}") = "Unity.2D.Animation.Runtime", "Unity.2D.Animation.Runtime.csproj", "{3B5C16FC-EBF7-8950-741B-C8D21B1A0E59}"
EndProject
Project("{FAE04EC0-301F-11D3-BF4B-00C04F79EFBC}") = "Assembly-CSharp", "Assembly-CSharp.csproj", "{61384455-9355-73F9-C710-886AE375BD9D}"
EndProject
Project("{FAE04EC0-301F-11D3-BF4B-00C04F79EFBC}") = "Unity.2D.IK.Runtime", "Unity.2D.IK.Runtime.csproj", "{FBB517C1-5272-315B-C12F-3E296F1CA0C2}"
EndProject
Project("{FAE04EC0-301F-11D3-BF4B-00C04F79EFBC}") = "Unity.ML-Agents.CommunicatorObjects", "Unity.ML-Agents.CommunicatorObjects.csproj", "{50CDCAEF-C48D-028A-3B70-2CA0657C993F}"
EndProject
Project("{FAE04EC0-301F-11D3-BF4B-00C04F79EFBC}") = "Unity.2D.SpriteShape.Runtime", "Unity.2D.SpriteShape.Runtime.csproj", "{0ADED1B1-2C87-BC9A-EBC3-03C9C2CFD55E}"
EndProject
Project("{FAE04EC0-301F-11D3-BF4B-00C04F79EFBC}") = "Unity.2D.PixelPerfect", "Unity.2D.PixelPerfect.csproj", "{6AD69284-AAB1-3F16-6AAF-961475D68D9D}"
EndProject
Project("{FAE04EC0-301F-11D3-BF4B-00C04F79EFBC}") = "Unity.2D.Common.Runtime", "Unity.2D.Common.Runtime.csproj", "{4682CC3C-80EC-FB2D-E211-315BF670D0EC}"
EndProject
Project("{FAE04EC0-301F-11D3-BF4B-00C04F79EFBC}") = "Unity.Barracuda.BurstBLAS", "Unity.Barracuda.BurstBLAS.csproj", "{58494DE1-CDDF-E30B-961C-1EC58D721BAB}"
EndProject
Project("{FAE04EC0-301F-11D3-BF4B-00C04F79EFBC}") = "Unity.InternalAPIEngineBridge.001", "Unity.InternalAPIEngineBridge.001.csproj", "{D0D833E6-94FD-26C7-6313-F5B27F3FCA0D}"
EndProject
Project("{FAE04EC0-301F-11D3-BF4B-00C04F79EFBC}") = "Unity.Barracuda.iOSBLAS", "Unity.Barracuda.iOSBLAS.csproj", "{93811EA4-06EF-C32B-4A7A-188EB981E95C}"
EndProject
Project("{FAE04EC0-301F-11D3-BF4B-00C04F79EFBC}") = "Unity.Barracuda.MacBLAS", "Unity.Barracuda.MacBLAS.csproj", "{8B8A90C4-9BDF-A4DB-4EF5-B39F1E93466A}"
EndProject
Project("{FAE04EC0-301F-11D3-BF4B-00C04F79EFBC}") = "UnityEditor.TestRunner", "UnityEditor.TestRunner.csproj", "{09C935B2-E150-D94C-CB11-B234DF8211E9}"
EndProject
Project("{FAE04EC0-301F-11D3-BF4B-00C04F79EFBC}") = "Unity.PlasticSCM.Editor", "Unity.PlasticSCM.Editor.csproj", "{821C7ED1-AAEA-31A7-1258-0C3D1DE32005}"
EndProject
Project("{FAE04EC0-301F-11D3-BF4B-00C04F79EFBC}") = "UnityEditor.UI", "UnityEditor.UI.csproj", "{7F419D59-BA97-A0F8-3AF7-80FC4006C396}"
EndProject
Project("{FAE04EC0-301F-11D3-BF4B-00C04F79EFBC}") = "Unity.Timeline.Editor", "Unity.Timeline.Editor.csproj", "{2A02E69A-A4F0-DB86-EACF-C585EA5C1A5C}"
EndProject
Project("{FAE04EC0-301F-11D3-BF4B-00C04F79EFBC}") = "Unity.VisualStudio.Editor", "Unity.VisualStudio.Editor.csproj", "{44661BE4-E36A-21FD-6C20-92DB82E869EF}"
EndProject
Project("{FAE04EC0-301F-11D3-BF4B-00C04F79EFBC}") = "Unity.2D.Psdimporter.Editor", "Unity.2D.Psdimporter.Editor.csproj", "{C3DEF188-B9E4-FEC7-6A91-357E09D3FD75}"
EndProject
Project("{FAE04EC0-301F-11D3-BF4B-00C04F79EFBC}") = "Unity.2D.Animation.Editor", "Unity.2D.Animation.Editor.csproj", "{E4A462E3-4636-DA54-33C5-BBB69BBE09B6}"
EndProject
Project("{FAE04EC0-301F-11D3-BF4B-00C04F79EFBC}") = "Unity.TextMeshPro.Editor", "Unity.TextMeshPro.Editor.csproj", "{1B1E1EFF-691D-6C06-6EA6-9827971D3F6C}"
EndProject
Project("{FAE04EC0-301F-11D3-BF4B-00C04F79EFBC}") = "Unity.2D.SpriteShape.Editor", "Unity.2D.SpriteShape.Editor.csproj", "{F00679A1-6D74-7234-575D-FBA783BF4FF1}"
EndProject
Project("{FAE04EC0-301F-11D3-BF4B-00C04F79EFBC}") = "Unity.CollabProxy.Editor", "Unity.CollabProxy.Editor.csproj", "{2CE4D988-0C7D-C9F4-2F9F-B24A2B80C95F}"
EndProject
Project("{FAE04EC0-301F-11D3-BF4B-00C04F79EFBC}") = "PsdPlugin", "PsdPlugin.csproj", "{01429824-1C40-5A31-710D-00BE67D27818}"
EndProject
Project("{FAE04EC0-301F-11D3-BF4B-00C04F79EFBC}") = "Unity.2D.Path.Editor", "Unity.2D.Path.Editor.csproj", "{5E3CC17C-DDF3-9BA0-E87D-9BBEF6113CE0}"
EndProject
Project("{FAE04EC0-301F-11D3-BF4B-00C04F79EFBC}") = "Unity.Rider.Editor", "Unity.Rider.Editor.csproj", "{B94453FA-618B-4A6F-4F12-71D3A319FAA9}"
EndProject
Project("{FAE04EC0-301F-11D3-BF4B-00C04F79EFBC}") = "Unity.2D.IK.Editor", "Unity.2D.IK.Editor.csproj", "{148001C9-37EA-FF94-F740-17C7C7B2E264}"
EndProject
Project("{FAE04EC0-301F-11D3-BF4B-00C04F79EFBC}") = "Unity.Burst.Editor", "Unity.Burst.Editor.csproj", "{2E0D1C8D-F4A3-752B-3580-AC2EDFAE4A5F}"
EndProject
Project("{FAE04EC0-301F-11D3-BF4B-00C04F79EFBC}") = "Unity.2D.Sprite.Editor", "Unity.2D.Sprite.Editor.csproj", "{989CC9C3-DF09-EFB9-397B-CEFD14F21CE3}"
EndProject
Project("{FAE04EC0-301F-11D3-BF4B-00C04F79EFBC}") = "Unity.2D.Tilemap.Editor", "Unity.2D.Tilemap.Editor.csproj", "{8EA32A6E-10C6-3FDB-B77F-1DA88343BD87}"
EndProject
Project("{FAE04EC0-301F-11D3-BF4B-00C04F79EFBC}") = "Unity.2D.PixelPerfect.Editor", "Unity.2D.PixelPerfect.Editor.csproj", "{4FEEB181-5443-A344-24AB-11FF6100E5AD}"
EndProject
Project("{FAE04EC0-301F-11D3-BF4B-00C04F79EFBC}") = "Unity.VSCode.Editor", "Unity.VSCode.Editor.csproj", "{89B08768-2DC8-0629-5A13-43B2FF2E5E9E}"
EndProject
Project("{FAE04EC0-301F-11D3-BF4B-00C04F79EFBC}") = "Unity.2D.Common.Editor", "Unity.2D.Common.Editor.csproj", "{AF3BD6AD-7EE1-9C36-60EF-188BC0C68B38}"
EndProject
Project("{FAE04EC0-301F-11D3-BF4B-00C04F79EFBC}") = "Unity.ML-Agents.Editor", "Unity.ML-Agents.Editor.csproj", "{E4432834-5514-EAE2-C561-8AF57EF18D41}"
EndProject
Project("{FAE04EC0-301F-11D3-BF4B-00C04F79EFBC}") = "Unity.Mathematics.Editor", "Unity.Mathematics.Editor.csproj", "{0FB3C091-8E31-9C9B-5AC6-A50F00AF1BCB}"
EndProject
Project("{FAE04EC0-301F-11D3-BF4B-00C04F79EFBC}") = "Unity.InternalAPIEditorBridge.001", "Unity.InternalAPIEditorBridge.001.csproj", "{F4D4ED44-E3DE-DE9B-0A43-5F6E04FB0E3D}"
EndProject
Project("{FAE04EC0-301F-11D3-BF4B-00C04F79EFBC}") = "Unity.Barracuda.Editor", "Unity.Barracuda.Editor.csproj", "{0A28DDC2-F5C5-BE8D-446D-FA9963EF8E1D}"
EndProject
Project("{FAE04EC0-301F-11D3-BF4B-00C04F79EFBC}") = "UnityEngine.UI", "UnityEngine.UI.Player.csproj", "{D4A26666-A7B7-4765-C29D-F55793D5ED83}"
EndProject
Project("{FAE04EC0-301F-11D3-BF4B-00C04F79EFBC}") = "Unity.ML-Agents", "Unity.ML-Agents.Player.csproj", "{5EFA4413-720C-0AD4-F527-CD61A16230A3}"
EndProject
Project("{FAE04EC0-301F-11D3-BF4B-00C04F79EFBC}") = "Unity.Barracuda", "Unity.Barracuda.Player.csproj", "{0509A570-D69F-C911-4828-64AA701A59BA}"
EndProject
Project("{FAE04EC0-301F-11D3-BF4B-00C04F79EFBC}") = "UnityEngine.TestRunner", "UnityEngine.TestRunner.Player.csproj", "{37B7DEB0-5C4A-B083-5487-568BDD095F03}"
EndProject
Project("{FAE04EC0-301F-11D3-BF4B-00C04F79EFBC}") = "Unity.Mathematics", "Unity.Mathematics.Player.csproj", "{C950B389-1339-71D0-52B9-4907CFAF5C1F}"
EndProject
Project("{FAE04EC0-301F-11D3-BF4B-00C04F79EFBC}") = "Unity.2D.Animation.Triangle.Runtime", "Unity.2D.Animation.Triangle.Runtime.Player.csproj", "{BC22448B-D7A0-846E-96D4-BDBBEF03B994}"
EndProject
Project("{FAE04EC0-301F-11D3-BF4B-00C04F79EFBC}") = "Unity.Barracuda.ONNX", "Unity.Barracuda.ONNX.Player.csproj", "{0459DC14-2B1C-D072-987C-F928296A55D3}"
EndProject
Project("{FAE04EC0-301F-11D3-BF4B-00C04F79EFBC}") = "Unity.Timeline", "Unity.Timeline.Player.csproj", "{5784496C-E11F-B16F-4529-AB219A60093E}"
EndProject
Project("{FAE04EC0-301F-11D3-BF4B-00C04F79EFBC}") = "Unity.TextMeshPro", "Unity.TextMeshPro.Player.csproj", "{EBAAAD55-E906-80C7-32DB-F0FD0C751022}"
EndProject
Project("{FAE04EC0-301F-11D3-BF4B-00C04F79EFBC}") = "Unity.Burst", "Unity.Burst.Player.csproj", "{510EA07C-8F50-559B-DE14-E887ABE282EF}"
EndProject
Project("{FAE04EC0-301F-11D3-BF4B-00C04F79EFBC}") = "Unity.2D.Animation.Runtime", "Unity.2D.Animation.Runtime.Player.csproj", "{916A9D06-C6D2-B96A-6F2B-EC1D7D7B9865}"
EndProject
Project("{FAE04EC0-301F-11D3-BF4B-00C04F79EFBC}") = "Assembly-CSharp", "Assembly-CSharp.Player.csproj", "{D49A7389-AF15-E939-242F-FAC19B04EF8B}"
EndProject
Project("{FAE04EC0-301F-11D3-BF4B-00C04F79EFBC}") = "Unity.2D.IK.Runtime", "Unity.2D.IK.Runtime.Player.csproj", "{D3D94A1B-9C8A-05A4-BC6A-747BFCB77222}"
EndProject
Project("{FAE04EC0-301F-11D3-BF4B-00C04F79EFBC}") = "Unity.ML-Agents.CommunicatorObjects", "Unity.ML-Agents.CommunicatorObjects.Player.csproj", "{F81118DA-349F-F124-6E5A-CD8D56C2D2D6}"
EndProject
Project("{FAE04EC0-301F-11D3-BF4B-00C04F79EFBC}") = "Unity.2D.SpriteShape.Runtime", "Unity.2D.SpriteShape.Runtime.Player.csproj", "{80D40539-76E2-CCC9-D023-3297327A2623}"
EndProject
Project("{FAE04EC0-301F-11D3-BF4B-00C04F79EFBC}") = "Unity.2D.PixelPerfect", "Unity.2D.PixelPerfect.Player.csproj", "{0A816976-DCF6-7131-A86A-6EF055F1D21E}"
EndProject
Project("{FAE04EC0-301F-11D3-BF4B-00C04F79EFBC}") = "Unity.2D.Common.Runtime", "Unity.2D.Common.Runtime.Player.csproj", "{D5147274-85A9-A831-5C6D-9FD50841C4BA}"
EndProject
Project("{FAE04EC0-301F-11D3-BF4B-00C04F79EFBC}") = "Unity.Barracuda.BurstBLAS", "Unity.Barracuda.BurstBLAS.Player.csproj", "{D5106E84-7A46-3CD1-46F2-EF92B1BE8EE8}"
EndProject
Project("{FAE04EC0-301F-11D3-BF4B-00C04F79EFBC}") = "Unity.InternalAPIEngineBridge.001", "Unity.InternalAPIEngineBridge.001.Player.csproj", "{64924A32-A126-CBF0-D608-3673BCB1DF44}"
EndProject
Global
	GlobalSection(SolutionConfigurationPlatforms) = preSolution
		Debug|Any CPU = Debug|Any CPU
		Release|Any CPU = Release|Any CPU
	EndGlobalSection
	GlobalSection(ProjectConfigurationPlatforms) = postSolution
		{81F6B0E7-EF6C-BF84-A5DD-D87586D12A25}.Debug|Any CPU.ActiveCfg = Debug|Any CPU
		{81F6B0E7-EF6C-BF84-A5DD-D87586D12A25}.Debug|Any CPU.Build.0 = Debug|Any CPU
		{81F6B0E7-EF6C-BF84-A5DD-D87586D12A25}.Release|Any CPU.ActiveCfg = Release|Any CPU
		{81F6B0E7-EF6C-BF84-A5DD-D87586D12A25}.Release|Any CPU.Build.0 = Release|Any CPU
		{86FE047B-DB10-59A8-D0B7-F52EC90D232C}.Debug|Any CPU.ActiveCfg = Debug|Any CPU
		{86FE047B-DB10-59A8-D0B7-F52EC90D232C}.Debug|Any CPU.Build.0 = Debug|Any CPU
		{86FE047B-DB10-59A8-D0B7-F52EC90D232C}.Release|Any CPU.ActiveCfg = Release|Any CPU
		{86FE047B-DB10-59A8-D0B7-F52EC90D232C}.Release|Any CPU.Build.0 = Release|Any CPU
		{E560B323-905F-04A0-FEDD-8DB59799BD2C}.Debug|Any CPU.ActiveCfg = Debug|Any CPU
		{E560B323-905F-04A0-FEDD-8DB59799BD2C}.Debug|Any CPU.Build.0 = Debug|Any CPU
		{E560B323-905F-04A0-FEDD-8DB59799BD2C}.Release|Any CPU.ActiveCfg = Release|Any CPU
		{E560B323-905F-04A0-FEDD-8DB59799BD2C}.Release|Any CPU.Build.0 = Release|Any CPU
		{83AB60F6-AFF6-40B5-5622-E9102125E060}.Debug|Any CPU.ActiveCfg = Debug|Any CPU
		{83AB60F6-AFF6-40B5-5622-E9102125E060}.Debug|Any CPU.Build.0 = Debug|Any CPU
		{83AB60F6-AFF6-40B5-5622-E9102125E060}.Release|Any CPU.ActiveCfg = Release|Any CPU
		{83AB60F6-AFF6-40B5-5622-E9102125E060}.Release|Any CPU.Build.0 = Release|Any CPU
		{83C9E918-7956-E14D-EC18-4D04E66662CB}.Debug|Any CPU.ActiveCfg = Debug|Any CPU
		{83C9E918-7956-E14D-EC18-4D04E66662CB}.Debug|Any CPU.Build.0 = Debug|Any CPU
		{83C9E918-7956-E14D-EC18-4D04E66662CB}.Release|Any CPU.ActiveCfg = Release|Any CPU
		{83C9E918-7956-E14D-EC18-4D04E66662CB}.Release|Any CPU.Build.0 = Release|Any CPU
		{946E66EA-9D2E-3BE4-EC03-600F47F1F38C}.Debug|Any CPU.ActiveCfg = Debug|Any CPU
		{946E66EA-9D2E-3BE4-EC03-600F47F1F38C}.Debug|Any CPU.Build.0 = Debug|Any CPU
		{946E66EA-9D2E-3BE4-EC03-600F47F1F38C}.Release|Any CPU.ActiveCfg = Release|Any CPU
		{946E66EA-9D2E-3BE4-EC03-600F47F1F38C}.Release|Any CPU.Build.0 = Release|Any CPU
		{23D50473-6D73-713D-FEEE-9E21975161EE}.Debug|Any CPU.ActiveCfg = Debug|Any CPU
		{23D50473-6D73-713D-FEEE-9E21975161EE}.Debug|Any CPU.Build.0 = Debug|Any CPU
		{23D50473-6D73-713D-FEEE-9E21975161EE}.Release|Any CPU.ActiveCfg = Release|Any CPU
		{23D50473-6D73-713D-FEEE-9E21975161EE}.Release|Any CPU.Build.0 = Release|Any CPU
		{76C0B0F0-B9B2-FF22-872B-0C61B764B318}.Debug|Any CPU.ActiveCfg = Debug|Any CPU
		{76C0B0F0-B9B2-FF22-872B-0C61B764B318}.Debug|Any CPU.Build.0 = Debug|Any CPU
		{76C0B0F0-B9B2-FF22-872B-0C61B764B318}.Release|Any CPU.ActiveCfg = Release|Any CPU
		{76C0B0F0-B9B2-FF22-872B-0C61B764B318}.Release|Any CPU.Build.0 = Release|Any CPU
		{0B5F97E4-740C-00F3-15E5-607DD789F30D}.Debug|Any CPU.ActiveCfg = Debug|Any CPU
		{0B5F97E4-740C-00F3-15E5-607DD789F30D}.Debug|Any CPU.Build.0 = Debug|Any CPU
		{0B5F97E4-740C-00F3-15E5-607DD789F30D}.Release|Any CPU.ActiveCfg = Release|Any CPU
		{0B5F97E4-740C-00F3-15E5-607DD789F30D}.Release|Any CPU.Build.0 = Release|Any CPU
		{3F7CCC1A-0ED6-FFC3-D777-E3AC55A024F2}.Debug|Any CPU.ActiveCfg = Debug|Any CPU
		{3F7CCC1A-0ED6-FFC3-D777-E3AC55A024F2}.Debug|Any CPU.Build.0 = Debug|Any CPU
		{3F7CCC1A-0ED6-FFC3-D777-E3AC55A024F2}.Release|Any CPU.ActiveCfg = Release|Any CPU
		{3F7CCC1A-0ED6-FFC3-D777-E3AC55A024F2}.Release|Any CPU.Build.0 = Release|Any CPU
		{3B5C16FC-EBF7-8950-741B-C8D21B1A0E59}.Debug|Any CPU.ActiveCfg = Debug|Any CPU
		{3B5C16FC-EBF7-8950-741B-C8D21B1A0E59}.Debug|Any CPU.Build.0 = Debug|Any CPU
		{3B5C16FC-EBF7-8950-741B-C8D21B1A0E59}.Release|Any CPU.ActiveCfg = Release|Any CPU
		{3B5C16FC-EBF7-8950-741B-C8D21B1A0E59}.Release|Any CPU.Build.0 = Release|Any CPU
		{61384455-9355-73F9-C710-886AE375BD9D}.Debug|Any CPU.ActiveCfg = Debug|Any CPU
		{61384455-9355-73F9-C710-886AE375BD9D}.Debug|Any CPU.Build.0 = Debug|Any CPU
		{61384455-9355-73F9-C710-886AE375BD9D}.Release|Any CPU.ActiveCfg = Release|Any CPU
		{61384455-9355-73F9-C710-886AE375BD9D}.Release|Any CPU.Build.0 = Release|Any CPU
		{FBB517C1-5272-315B-C12F-3E296F1CA0C2}.Debug|Any CPU.ActiveCfg = Debug|Any CPU
		{FBB517C1-5272-315B-C12F-3E296F1CA0C2}.Debug|Any CPU.Build.0 = Debug|Any CPU
		{FBB517C1-5272-315B-C12F-3E296F1CA0C2}.Release|Any CPU.ActiveCfg = Release|Any CPU
		{FBB517C1-5272-315B-C12F-3E296F1CA0C2}.Release|Any CPU.Build.0 = Release|Any CPU
		{50CDCAEF-C48D-028A-3B70-2CA0657C993F}.Debug|Any CPU.ActiveCfg = Debug|Any CPU
		{50CDCAEF-C48D-028A-3B70-2CA0657C993F}.Debug|Any CPU.Build.0 = Debug|Any CPU
		{50CDCAEF-C48D-028A-3B70-2CA0657C993F}.Release|Any CPU.ActiveCfg = Release|Any CPU
		{50CDCAEF-C48D-028A-3B70-2CA0657C993F}.Release|Any CPU.Build.0 = Release|Any CPU
		{0ADED1B1-2C87-BC9A-EBC3-03C9C2CFD55E}.Debug|Any CPU.ActiveCfg = Debug|Any CPU
		{0ADED1B1-2C87-BC9A-EBC3-03C9C2CFD55E}.Debug|Any CPU.Build.0 = Debug|Any CPU
		{0ADED1B1-2C87-BC9A-EBC3-03C9C2CFD55E}.Release|Any CPU.ActiveCfg = Release|Any CPU
		{0ADED1B1-2C87-BC9A-EBC3-03C9C2CFD55E}.Release|Any CPU.Build.0 = Release|Any CPU
		{6AD69284-AAB1-3F16-6AAF-961475D68D9D}.Debug|Any CPU.ActiveCfg = Debug|Any CPU
		{6AD69284-AAB1-3F16-6AAF-961475D68D9D}.Debug|Any CPU.Build.0 = Debug|Any CPU
		{6AD69284-AAB1-3F16-6AAF-961475D68D9D}.Release|Any CPU.ActiveCfg = Release|Any CPU
		{6AD69284-AAB1-3F16-6AAF-961475D68D9D}.Release|Any CPU.Build.0 = Release|Any CPU
		{4682CC3C-80EC-FB2D-E211-315BF670D0EC}.Debug|Any CPU.ActiveCfg = Debug|Any CPU
		{4682CC3C-80EC-FB2D-E211-315BF670D0EC}.Debug|Any CPU.Build.0 = Debug|Any CPU
		{4682CC3C-80EC-FB2D-E211-315BF670D0EC}.Release|Any CPU.ActiveCfg = Release|Any CPU
		{4682CC3C-80EC-FB2D-E211-315BF670D0EC}.Release|Any CPU.Build.0 = Release|Any CPU
		{58494DE1-CDDF-E30B-961C-1EC58D721BAB}.Debug|Any CPU.ActiveCfg = Debug|Any CPU
		{58494DE1-CDDF-E30B-961C-1EC58D721BAB}.Debug|Any CPU.Build.0 = Debug|Any CPU
		{58494DE1-CDDF-E30B-961C-1EC58D721BAB}.Release|Any CPU.ActiveCfg = Release|Any CPU
		{58494DE1-CDDF-E30B-961C-1EC58D721BAB}.Release|Any CPU.Build.0 = Release|Any CPU
		{D0D833E6-94FD-26C7-6313-F5B27F3FCA0D}.Debug|Any CPU.ActiveCfg = Debug|Any CPU
		{D0D833E6-94FD-26C7-6313-F5B27F3FCA0D}.Debug|Any CPU.Build.0 = Debug|Any CPU
		{D0D833E6-94FD-26C7-6313-F5B27F3FCA0D}.Release|Any CPU.ActiveCfg = Release|Any CPU
		{D0D833E6-94FD-26C7-6313-F5B27F3FCA0D}.Release|Any CPU.Build.0 = Release|Any CPU
		{93811EA4-06EF-C32B-4A7A-188EB981E95C}.Debug|Any CPU.ActiveCfg = Debug|Any CPU
		{93811EA4-06EF-C32B-4A7A-188EB981E95C}.Debug|Any CPU.Build.0 = Debug|Any CPU
		{93811EA4-06EF-C32B-4A7A-188EB981E95C}.Release|Any CPU.ActiveCfg = Release|Any CPU
		{93811EA4-06EF-C32B-4A7A-188EB981E95C}.Release|Any CPU.Build.0 = Release|Any CPU
		{8B8A90C4-9BDF-A4DB-4EF5-B39F1E93466A}.Debug|Any CPU.ActiveCfg = Debug|Any CPU
		{8B8A90C4-9BDF-A4DB-4EF5-B39F1E93466A}.Debug|Any CPU.Build.0 = Debug|Any CPU
		{8B8A90C4-9BDF-A4DB-4EF5-B39F1E93466A}.Release|Any CPU.ActiveCfg = Release|Any CPU
		{8B8A90C4-9BDF-A4DB-4EF5-B39F1E93466A}.Release|Any CPU.Build.0 = Release|Any CPU
		{09C935B2-E150-D94C-CB11-B234DF8211E9}.Debug|Any CPU.ActiveCfg = Debug|Any CPU
		{09C935B2-E150-D94C-CB11-B234DF8211E9}.Debug|Any CPU.Build.0 = Debug|Any CPU
		{09C935B2-E150-D94C-CB11-B234DF8211E9}.Release|Any CPU.ActiveCfg = Release|Any CPU
		{09C935B2-E150-D94C-CB11-B234DF8211E9}.Release|Any CPU.Build.0 = Release|Any CPU
		{821C7ED1-AAEA-31A7-1258-0C3D1DE32005}.Debug|Any CPU.ActiveCfg = Debug|Any CPU
		{821C7ED1-AAEA-31A7-1258-0C3D1DE32005}.Debug|Any CPU.Build.0 = Debug|Any CPU
		{821C7ED1-AAEA-31A7-1258-0C3D1DE32005}.Release|Any CPU.ActiveCfg = Release|Any CPU
		{821C7ED1-AAEA-31A7-1258-0C3D1DE32005}.Release|Any CPU.Build.0 = Release|Any CPU
		{7F419D59-BA97-A0F8-3AF7-80FC4006C396}.Debug|Any CPU.ActiveCfg = Debug|Any CPU
		{7F419D59-BA97-A0F8-3AF7-80FC4006C396}.Debug|Any CPU.Build.0 = Debug|Any CPU
		{7F419D59-BA97-A0F8-3AF7-80FC4006C396}.Release|Any CPU.ActiveCfg = Release|Any CPU
		{7F419D59-BA97-A0F8-3AF7-80FC4006C396}.Release|Any CPU.Build.0 = Release|Any CPU
		{2A02E69A-A4F0-DB86-EACF-C585EA5C1A5C}.Debug|Any CPU.ActiveCfg = Debug|Any CPU
		{2A02E69A-A4F0-DB86-EACF-C585EA5C1A5C}.Debug|Any CPU.Build.0 = Debug|Any CPU
		{2A02E69A-A4F0-DB86-EACF-C585EA5C1A5C}.Release|Any CPU.ActiveCfg = Release|Any CPU
		{2A02E69A-A4F0-DB86-EACF-C585EA5C1A5C}.Release|Any CPU.Build.0 = Release|Any CPU
		{44661BE4-E36A-21FD-6C20-92DB82E869EF}.Debug|Any CPU.ActiveCfg = Debug|Any CPU
		{44661BE4-E36A-21FD-6C20-92DB82E869EF}.Debug|Any CPU.Build.0 = Debug|Any CPU
		{44661BE4-E36A-21FD-6C20-92DB82E869EF}.Release|Any CPU.ActiveCfg = Release|Any CPU
		{44661BE4-E36A-21FD-6C20-92DB82E869EF}.Release|Any CPU.Build.0 = Release|Any CPU
		{C3DEF188-B9E4-FEC7-6A91-357E09D3FD75}.Debug|Any CPU.ActiveCfg = Debug|Any CPU
		{C3DEF188-B9E4-FEC7-6A91-357E09D3FD75}.Debug|Any CPU.Build.0 = Debug|Any CPU
		{C3DEF188-B9E4-FEC7-6A91-357E09D3FD75}.Release|Any CPU.ActiveCfg = Release|Any CPU
		{C3DEF188-B9E4-FEC7-6A91-357E09D3FD75}.Release|Any CPU.Build.0 = Release|Any CPU
		{E4A462E3-4636-DA54-33C5-BBB69BBE09B6}.Debug|Any CPU.ActiveCfg = Debug|Any CPU
		{E4A462E3-4636-DA54-33C5-BBB69BBE09B6}.Debug|Any CPU.Build.0 = Debug|Any CPU
		{E4A462E3-4636-DA54-33C5-BBB69BBE09B6}.Release|Any CPU.ActiveCfg = Release|Any CPU
		{E4A462E3-4636-DA54-33C5-BBB69BBE09B6}.Release|Any CPU.Build.0 = Release|Any CPU
		{1B1E1EFF-691D-6C06-6EA6-9827971D3F6C}.Debug|Any CPU.ActiveCfg = Debug|Any CPU
		{1B1E1EFF-691D-6C06-6EA6-9827971D3F6C}.Debug|Any CPU.Build.0 = Debug|Any CPU
		{1B1E1EFF-691D-6C06-6EA6-9827971D3F6C}.Release|Any CPU.ActiveCfg = Release|Any CPU
		{1B1E1EFF-691D-6C06-6EA6-9827971D3F6C}.Release|Any CPU.Build.0 = Release|Any CPU
		{F00679A1-6D74-7234-575D-FBA783BF4FF1}.Debug|Any CPU.ActiveCfg = Debug|Any CPU
		{F00679A1-6D74-7234-575D-FBA783BF4FF1}.Debug|Any CPU.Build.0 = Debug|Any CPU
		{F00679A1-6D74-7234-575D-FBA783BF4FF1}.Release|Any CPU.ActiveCfg = Release|Any CPU
		{F00679A1-6D74-7234-575D-FBA783BF4FF1}.Release|Any CPU.Build.0 = Release|Any CPU
		{2CE4D988-0C7D-C9F4-2F9F-B24A2B80C95F}.Debug|Any CPU.ActiveCfg = Debug|Any CPU
		{2CE4D988-0C7D-C9F4-2F9F-B24A2B80C95F}.Debug|Any CPU.Build.0 = Debug|Any CPU
		{2CE4D988-0C7D-C9F4-2F9F-B24A2B80C95F}.Release|Any CPU.ActiveCfg = Release|Any CPU
		{2CE4D988-0C7D-C9F4-2F9F-B24A2B80C95F}.Release|Any CPU.Build.0 = Release|Any CPU
		{01429824-1C40-5A31-710D-00BE67D27818}.Debug|Any CPU.ActiveCfg = Debug|Any CPU
		{01429824-1C40-5A31-710D-00BE67D27818}.Debug|Any CPU.Build.0 = Debug|Any CPU
		{01429824-1C40-5A31-710D-00BE67D27818}.Release|Any CPU.ActiveCfg = Release|Any CPU
		{01429824-1C40-5A31-710D-00BE67D27818}.Release|Any CPU.Build.0 = Release|Any CPU
		{5E3CC17C-DDF3-9BA0-E87D-9BBEF6113CE0}.Debug|Any CPU.ActiveCfg = Debug|Any CPU
		{5E3CC17C-DDF3-9BA0-E87D-9BBEF6113CE0}.Debug|Any CPU.Build.0 = Debug|Any CPU
		{5E3CC17C-DDF3-9BA0-E87D-9BBEF6113CE0}.Release|Any CPU.ActiveCfg = Release|Any CPU
		{5E3CC17C-DDF3-9BA0-E87D-9BBEF6113CE0}.Release|Any CPU.Build.0 = Release|Any CPU
		{B94453FA-618B-4A6F-4F12-71D3A319FAA9}.Debug|Any CPU.ActiveCfg = Debug|Any CPU
		{B94453FA-618B-4A6F-4F12-71D3A319FAA9}.Debug|Any CPU.Build.0 = Debug|Any CPU
		{B94453FA-618B-4A6F-4F12-71D3A319FAA9}.Release|Any CPU.ActiveCfg = Release|Any CPU
		{B94453FA-618B-4A6F-4F12-71D3A319FAA9}.Release|Any CPU.Build.0 = Release|Any CPU
		{148001C9-37EA-FF94-F740-17C7C7B2E264}.Debug|Any CPU.ActiveCfg = Debug|Any CPU
		{148001C9-37EA-FF94-F740-17C7C7B2E264}.Debug|Any CPU.Build.0 = Debug|Any CPU
		{148001C9-37EA-FF94-F740-17C7C7B2E264}.Release|Any CPU.ActiveCfg = Release|Any CPU
		{148001C9-37EA-FF94-F740-17C7C7B2E264}.Release|Any CPU.Build.0 = Release|Any CPU
		{2E0D1C8D-F4A3-752B-3580-AC2EDFAE4A5F}.Debug|Any CPU.ActiveCfg = Debug|Any CPU
		{2E0D1C8D-F4A3-752B-3580-AC2EDFAE4A5F}.Debug|Any CPU.Build.0 = Debug|Any CPU
		{2E0D1C8D-F4A3-752B-3580-AC2EDFAE4A5F}.Release|Any CPU.ActiveCfg = Release|Any CPU
		{2E0D1C8D-F4A3-752B-3580-AC2EDFAE4A5F}.Release|Any CPU.Build.0 = Release|Any CPU
		{989CC9C3-DF09-EFB9-397B-CEFD14F21CE3}.Debug|Any CPU.ActiveCfg = Debug|Any CPU
		{989CC9C3-DF09-EFB9-397B-CEFD14F21CE3}.Debug|Any CPU.Build.0 = Debug|Any CPU
		{989CC9C3-DF09-EFB9-397B-CEFD14F21CE3}.Release|Any CPU.ActiveCfg = Release|Any CPU
		{989CC9C3-DF09-EFB9-397B-CEFD14F21CE3}.Release|Any CPU.Build.0 = Release|Any CPU
		{8EA32A6E-10C6-3FDB-B77F-1DA88343BD87}.Debug|Any CPU.ActiveCfg = Debug|Any CPU
		{8EA32A6E-10C6-3FDB-B77F-1DA88343BD87}.Debug|Any CPU.Build.0 = Debug|Any CPU
		{8EA32A6E-10C6-3FDB-B77F-1DA88343BD87}.Release|Any CPU.ActiveCfg = Release|Any CPU
		{8EA32A6E-10C6-3FDB-B77F-1DA88343BD87}.Release|Any CPU.Build.0 = Release|Any CPU
		{4FEEB181-5443-A344-24AB-11FF6100E5AD}.Debug|Any CPU.ActiveCfg = Debug|Any CPU
		{4FEEB181-5443-A344-24AB-11FF6100E5AD}.Debug|Any CPU.Build.0 = Debug|Any CPU
		{4FEEB181-5443-A344-24AB-11FF6100E5AD}.Release|Any CPU.ActiveCfg = Release|Any CPU
		{4FEEB181-5443-A344-24AB-11FF6100E5AD}.Release|Any CPU.Build.0 = Release|Any CPU
		{89B08768-2DC8-0629-5A13-43B2FF2E5E9E}.Debug|Any CPU.ActiveCfg = Debug|Any CPU
		{89B08768-2DC8-0629-5A13-43B2FF2E5E9E}.Debug|Any CPU.Build.0 = Debug|Any CPU
		{89B08768-2DC8-0629-5A13-43B2FF2E5E9E}.Release|Any CPU.ActiveCfg = Release|Any CPU
		{89B08768-2DC8-0629-5A13-43B2FF2E5E9E}.Release|Any CPU.Build.0 = Release|Any CPU
		{AF3BD6AD-7EE1-9C36-60EF-188BC0C68B38}.Debug|Any CPU.ActiveCfg = Debug|Any CPU
		{AF3BD6AD-7EE1-9C36-60EF-188BC0C68B38}.Debug|Any CPU.Build.0 = Debug|Any CPU
		{AF3BD6AD-7EE1-9C36-60EF-188BC0C68B38}.Release|Any CPU.ActiveCfg = Release|Any CPU
		{AF3BD6AD-7EE1-9C36-60EF-188BC0C68B38}.Release|Any CPU.Build.0 = Release|Any CPU
		{E4432834-5514-EAE2-C561-8AF57EF18D41}.Debug|Any CPU.ActiveCfg = Debug|Any CPU
		{E4432834-5514-EAE2-C561-8AF57EF18D41}.Debug|Any CPU.Build.0 = Debug|Any CPU
		{E4432834-5514-EAE2-C561-8AF57EF18D41}.Release|Any CPU.ActiveCfg = Release|Any CPU
		{E4432834-5514-EAE2-C561-8AF57EF18D41}.Release|Any CPU.Build.0 = Release|Any CPU
		{0FB3C091-8E31-9C9B-5AC6-A50F00AF1BCB}.Debug|Any CPU.ActiveCfg = Debug|Any CPU
		{0FB3C091-8E31-9C9B-5AC6-A50F00AF1BCB}.Debug|Any CPU.Build.0 = Debug|Any CPU
		{0FB3C091-8E31-9C9B-5AC6-A50F00AF1BCB}.Release|Any CPU.ActiveCfg = Release|Any CPU
		{0FB3C091-8E31-9C9B-5AC6-A50F00AF1BCB}.Release|Any CPU.Build.0 = Release|Any CPU
		{F4D4ED44-E3DE-DE9B-0A43-5F6E04FB0E3D}.Debug|Any CPU.ActiveCfg = Debug|Any CPU
		{F4D4ED44-E3DE-DE9B-0A43-5F6E04FB0E3D}.Debug|Any CPU.Build.0 = Debug|Any CPU
		{F4D4ED44-E3DE-DE9B-0A43-5F6E04FB0E3D}.Release|Any CPU.ActiveCfg = Release|Any CPU
		{F4D4ED44-E3DE-DE9B-0A43-5F6E04FB0E3D}.Release|Any CPU.Build.0 = Release|Any CPU
		{0A28DDC2-F5C5-BE8D-446D-FA9963EF8E1D}.Debug|Any CPU.ActiveCfg = Debug|Any CPU
		{0A28DDC2-F5C5-BE8D-446D-FA9963EF8E1D}.Debug|Any CPU.Build.0 = Debug|Any CPU
		{0A28DDC2-F5C5-BE8D-446D-FA9963EF8E1D}.Release|Any CPU.ActiveCfg = Release|Any CPU
		{0A28DDC2-F5C5-BE8D-446D-FA9963EF8E1D}.Release|Any CPU.Build.0 = Release|Any CPU
		{D4A26666-A7B7-4765-C29D-F55793D5ED83}.Debug|Any CPU.ActiveCfg = Debug|Any CPU
		{D4A26666-A7B7-4765-C29D-F55793D5ED83}.Debug|Any CPU.Build.0 = Debug|Any CPU
		{D4A26666-A7B7-4765-C29D-F55793D5ED83}.Release|Any CPU.ActiveCfg = Release|Any CPU
		{D4A26666-A7B7-4765-C29D-F55793D5ED83}.Release|Any CPU.Build.0 = Release|Any CPU
		{5EFA4413-720C-0AD4-F527-CD61A16230A3}.Debug|Any CPU.ActiveCfg = Debug|Any CPU
		{5EFA4413-720C-0AD4-F527-CD61A16230A3}.Debug|Any CPU.Build.0 = Debug|Any CPU
		{5EFA4413-720C-0AD4-F527-CD61A16230A3}.Release|Any CPU.ActiveCfg = Release|Any CPU
		{5EFA4413-720C-0AD4-F527-CD61A16230A3}.Release|Any CPU.Build.0 = Release|Any CPU
		{0509A570-D69F-C911-4828-64AA701A59BA}.Debug|Any CPU.ActiveCfg = Debug|Any CPU
		{0509A570-D69F-C911-4828-64AA701A59BA}.Debug|Any CPU.Build.0 = Debug|Any CPU
		{0509A570-D69F-C911-4828-64AA701A59BA}.Release|Any CPU.ActiveCfg = Release|Any CPU
		{0509A570-D69F-C911-4828-64AA701A59BA}.Release|Any CPU.Build.0 = Release|Any CPU
		{37B7DEB0-5C4A-B083-5487-568BDD095F03}.Debug|Any CPU.ActiveCfg = Debug|Any CPU
		{37B7DEB0-5C4A-B083-5487-568BDD095F03}.Debug|Any CPU.Build.0 = Debug|Any CPU
		{37B7DEB0-5C4A-B083-5487-568BDD095F03}.Release|Any CPU.ActiveCfg = Release|Any CPU
		{37B7DEB0-5C4A-B083-5487-568BDD095F03}.Release|Any CPU.Build.0 = Release|Any CPU
		{C950B389-1339-71D0-52B9-4907CFAF5C1F}.Debug|Any CPU.ActiveCfg = Debug|Any CPU
		{C950B389-1339-71D0-52B9-4907CFAF5C1F}.Debug|Any CPU.Build.0 = Debug|Any CPU
		{C950B389-1339-71D0-52B9-4907CFAF5C1F}.Release|Any CPU.ActiveCfg = Release|Any CPU
		{C950B389-1339-71D0-52B9-4907CFAF5C1F}.Release|Any CPU.Build.0 = Release|Any CPU
		{BC22448B-D7A0-846E-96D4-BDBBEF03B994}.Debug|Any CPU.ActiveCfg = Debug|Any CPU
		{BC22448B-D7A0-846E-96D4-BDBBEF03B994}.Debug|Any CPU.Build.0 = Debug|Any CPU
		{BC22448B-D7A0-846E-96D4-BDBBEF03B994}.Release|Any CPU.ActiveCfg = Release|Any CPU
		{BC22448B-D7A0-846E-96D4-BDBBEF03B994}.Release|Any CPU.Build.0 = Release|Any CPU
		{0459DC14-2B1C-D072-987C-F928296A55D3}.Debug|Any CPU.ActiveCfg = Debug|Any CPU
		{0459DC14-2B1C-D072-987C-F928296A55D3}.Debug|Any CPU.Build.0 = Debug|Any CPU
		{0459DC14-2B1C-D072-987C-F928296A55D3}.Release|Any CPU.ActiveCfg = Release|Any CPU
		{0459DC14-2B1C-D072-987C-F928296A55D3}.Release|Any CPU.Build.0 = Release|Any CPU
		{5784496C-E11F-B16F-4529-AB219A60093E}.Debug|Any CPU.ActiveCfg = Debug|Any CPU
		{5784496C-E11F-B16F-4529-AB219A60093E}.Debug|Any CPU.Build.0 = Debug|Any CPU
		{5784496C-E11F-B16F-4529-AB219A60093E}.Release|Any CPU.ActiveCfg = Release|Any CPU
		{5784496C-E11F-B16F-4529-AB219A60093E}.Release|Any CPU.Build.0 = Release|Any CPU
		{EBAAAD55-E906-80C7-32DB-F0FD0C751022}.Debug|Any CPU.ActiveCfg = Debug|Any CPU
		{EBAAAD55-E906-80C7-32DB-F0FD0C751022}.Debug|Any CPU.Build.0 = Debug|Any CPU
		{EBAAAD55-E906-80C7-32DB-F0FD0C751022}.Release|Any CPU.ActiveCfg = Release|Any CPU
		{EBAAAD55-E906-80C7-32DB-F0FD0C751022}.Release|Any CPU.Build.0 = Release|Any CPU
		{510EA07C-8F50-559B-DE14-E887ABE282EF}.Debug|Any CPU.ActiveCfg = Debug|Any CPU
		{510EA07C-8F50-559B-DE14-E887ABE282EF}.Debug|Any CPU.Build.0 = Debug|Any CPU
		{510EA07C-8F50-559B-DE14-E887ABE282EF}.Release|Any CPU.ActiveCfg = Release|Any CPU
		{510EA07C-8F50-559B-DE14-E887ABE282EF}.Release|Any CPU.Build.0 = Release|Any CPU
		{916A9D06-C6D2-B96A-6F2B-EC1D7D7B9865}.Debug|Any CPU.ActiveCfg = Debug|Any CPU
		{916A9D06-C6D2-B96A-6F2B-EC1D7D7B9865}.Debug|Any CPU.Build.0 = Debug|Any CPU
		{916A9D06-C6D2-B96A-6F2B-EC1D7D7B9865}.Release|Any CPU.ActiveCfg = Release|Any CPU
		{916A9D06-C6D2-B96A-6F2B-EC1D7D7B9865}.Release|Any CPU.Build.0 = Release|Any CPU
		{D49A7389-AF15-E939-242F-FAC19B04EF8B}.Debug|Any CPU.ActiveCfg = Debug|Any CPU
		{D49A7389-AF15-E939-242F-FAC19B04EF8B}.Debug|Any CPU.Build.0 = Debug|Any CPU
		{D49A7389-AF15-E939-242F-FAC19B04EF8B}.Release|Any CPU.ActiveCfg = Release|Any CPU
		{D49A7389-AF15-E939-242F-FAC19B04EF8B}.Release|Any CPU.Build.0 = Release|Any CPU
		{D3D94A1B-9C8A-05A4-BC6A-747BFCB77222}.Debug|Any CPU.ActiveCfg = Debug|Any CPU
		{D3D94A1B-9C8A-05A4-BC6A-747BFCB77222}.Debug|Any CPU.Build.0 = Debug|Any CPU
		{D3D94A1B-9C8A-05A4-BC6A-747BFCB77222}.Release|Any CPU.ActiveCfg = Release|Any CPU
		{D3D94A1B-9C8A-05A4-BC6A-747BFCB77222}.Release|Any CPU.Build.0 = Release|Any CPU
		{F81118DA-349F-F124-6E5A-CD8D56C2D2D6}.Debug|Any CPU.ActiveCfg = Debug|Any CPU
		{F81118DA-349F-F124-6E5A-CD8D56C2D2D6}.Debug|Any CPU.Build.0 = Debug|Any CPU
		{F81118DA-349F-F124-6E5A-CD8D56C2D2D6}.Release|Any CPU.ActiveCfg = Release|Any CPU
		{F81118DA-349F-F124-6E5A-CD8D56C2D2D6}.Release|Any CPU.Build.0 = Release|Any CPU
		{80D40539-76E2-CCC9-D023-3297327A2623}.Debug|Any CPU.ActiveCfg = Debug|Any CPU
		{80D40539-76E2-CCC9-D023-3297327A2623}.Debug|Any CPU.Build.0 = Debug|Any CPU
		{80D40539-76E2-CCC9-D023-3297327A2623}.Release|Any CPU.ActiveCfg = Release|Any CPU
		{80D40539-76E2-CCC9-D023-3297327A2623}.Release|Any CPU.Build.0 = Release|Any CPU
		{0A816976-DCF6-7131-A86A-6EF055F1D21E}.Debug|Any CPU.ActiveCfg = Debug|Any CPU
		{0A816976-DCF6-7131-A86A-6EF055F1D21E}.Debug|Any CPU.Build.0 = Debug|Any CPU
		{0A816976-DCF6-7131-A86A-6EF055F1D21E}.Release|Any CPU.ActiveCfg = Release|Any CPU
		{0A816976-DCF6-7131-A86A-6EF055F1D21E}.Release|Any CPU.Build.0 = Release|Any CPU
		{D5147274-85A9-A831-5C6D-9FD50841C4BA}.Debug|Any CPU.ActiveCfg = Debug|Any CPU
		{D5147274-85A9-A831-5C6D-9FD50841C4BA}.Debug|Any CPU.Build.0 = Debug|Any CPU
		{D5147274-85A9-A831-5C6D-9FD50841C4BA}.Release|Any CPU.ActiveCfg = Release|Any CPU
		{D5147274-85A9-A831-5C6D-9FD50841C4BA}.Release|Any CPU.Build.0 = Release|Any CPU
		{D5106E84-7A46-3CD1-46F2-EF92B1BE8EE8}.Debug|Any CPU.ActiveCfg = Debug|Any CPU
		{D5106E84-7A46-3CD1-46F2-EF92B1BE8EE8}.Debug|Any CPU.Build.0 = Debug|Any CPU
		{D5106E84-7A46-3CD1-46F2-EF92B1BE8EE8}.Release|Any CPU.ActiveCfg = Release|Any CPU
		{D5106E84-7A46-3CD1-46F2-EF92B1BE8EE8}.Release|Any CPU.Build.0 = Release|Any CPU
		{64924A32-A126-CBF0-D608-3673BCB1DF44}.Debug|Any CPU.ActiveCfg = Debug|Any CPU
		{64924A32-A126-CBF0-D608-3673BCB1DF44}.Debug|Any CPU.Build.0 = Debug|Any CPU
		{64924A32-A126-CBF0-D608-3673BCB1DF44}.Release|Any CPU.ActiveCfg = Release|Any CPU
		{64924A32-A126-CBF0-D608-3673BCB1DF44}.Release|Any CPU.Build.0 = Release|Any CPU
	EndGlobalSection
	GlobalSection(SolutionProperties) = preSolution
		HideSolutionNode = FALSE
	EndGlobalSection
EndGlobal
